// !$*UTF8*$!
{
	archiveVersion = 1;
	classes = {
	};
	objectVersion = 56;
	objects = {

/* Begin PBXBuildFile section */
		13EAD37FC369BCAB9B5A511A /* Pods_HakkaExpo2023_iOS.framework in Frameworks */ = {isa = PBXBuildFile; fileRef = 631FB878049E7B63F5C9DC5C /* Pods_HakkaExpo2023_iOS.framework */; };
		3B82F48D2A2EE6F600B1C805 /* UIImage + Bundle.swift in Sources */ = {isa = PBXBuildFile; fileRef = 3B82F48C2A2EE6F600B1C805 /* UIImage + Bundle.swift */; };
		3B82F4A82A2F0C1D00B1C805 /* SkyLanternVC.swift in Sources */ = {isa = PBXBuildFile; fileRef = 3B82F4992A2F0C1D00B1C805 /* SkyLanternVC.swift */; };
		3B82F4A92A2F0C1D00B1C805 /* SkyLanternCanvasView.swift in Sources */ = {isa = PBXBuildFile; fileRef = 3B82F49A2A2F0C1D00B1C805 /* SkyLanternCanvasView.swift */; };
		3B82F4AA2A2F0C1D00B1C805 /* SkyLanternResources.swift in Sources */ = {isa = PBXBuildFile; fileRef = 3B82F49C2A2F0C1D00B1C805 /* SkyLanternResources.swift */; };
		3B82F4AB2A2F0C1D00B1C805 /* VerticalLabel.swift in Sources */ = {isa = PBXBuildFile; fileRef = 3B82F49D2A2F0C1D00B1C805 /* VerticalLabel.swift */; };
		3B82F4AD2A2F0C1D00B1C805 /* SkyLanternARVC.swift in Sources */ = {isa = PBXBuildFile; fileRef = 3B82F49F2A2F0C1D00B1C805 /* SkyLanternARVC.swift */; };
		3B82F4AE2A2F0C1D00B1C805 /* SkyLantern.storyboard in Resources */ = {isa = PBXBuildFile; fileRef = 3B82F4A02A2F0C1D00B1C805 /* SkyLantern.storyboard */; };
		3B82F4AF2A2F0C1D00B1C805 /* DebugTrackingView.swift in Sources */ = {isa = PBXBuildFile; fileRef = 3B82F4A12A2F0C1D00B1C805 /* DebugTrackingView.swift */; };
		3B82F4B02A2F0C1D00B1C805 /* SkyLanternNode+FireNode.swift in Sources */ = {isa = PBXBuildFile; fileRef = 3B82F4A22A2F0C1D00B1C805 /* SkyLanternNode+FireNode.swift */; };
		3B82F4B12A2F0C1D00B1C805 /* SkyLanternARService.swift in Sources */ = {isa = PBXBuildFile; fileRef = 3B82F4A42A2F0C1D00B1C805 /* SkyLanternARService.swift */; };
		3B82F4B22A2F0C1D00B1C805 /* SkyLanternARServiceByARCore.swift in Sources */ = {isa = PBXBuildFile; fileRef = 3B82F4A52A2F0C1D00B1C805 /* SkyLanternARServiceByARCore.swift */; };
		3B82F4B32A2F0C1D00B1C805 /* SkyLanternModel.swift in Sources */ = {isa = PBXBuildFile; fileRef = 3B82F4A62A2F0C1D00B1C805 /* SkyLanternModel.swift */; };
		3B82F4B42A2F0C1D00B1C805 /* SkyLanternNode.swift in Sources */ = {isa = PBXBuildFile; fileRef = 3B82F4A72A2F0C1D00B1C805 /* SkyLanternNode.swift */; };
		3B82F4B72A2F0FF800B1C805 /* UIColor + hex.swift in Sources */ = {isa = PBXBuildFile; fileRef = 3B82F4B62A2F0FF800B1C805 /* UIColor + hex.swift */; };
		3B82F4B92A2F150E00B1C805 /* AlertManager.swift in Sources */ = {isa = PBXBuildFile; fileRef = 3B82F4B82A2F150E00B1C805 /* AlertManager.swift */; };
		3B82F4BC2A2F207800B1C805 /* Notification.swift in Sources */ = {isa = PBXBuildFile; fileRef = 3B82F4BB2A2F207800B1C805 /* Notification.swift */; };
		3B82F4BE2A2F20C700B1C805 /* LocationService.swift in Sources */ = {isa = PBXBuildFile; fileRef = 3B82F4BD2A2F20C700B1C805 /* LocationService.swift */; };
		3B82F4C82A2F356300B1C805 /* HakkaExpoGoogleService-Info.plist in Resources */ = {isa = PBXBuildFile; fileRef = 3B82F4C72A2F356300B1C805 /* HakkaExpoGoogleService-Info.plist */; };
		3BAF02BA2A1706B300E514E1 /* HakkaExpo2023_iOS.h in Headers */ = {isa = PBXBuildFile; fileRef = 3BAF02B92A1706B300E514E1 /* HakkaExpo2023_iOS.h */; settings = {ATTRIBUTES = (Public, ); }; };
		3BAF02CA2A170DF100E514E1 /* Alamofire in Frameworks */ = {isa = PBXBuildFile; productRef = 3BAF02C92A170DF100E514E1 /* Alamofire */; };
		3BAF02D42A17203700E514E1 /* Reachability.swift in Sources */ = {isa = PBXBuildFile; fileRef = 3BAF02D32A17203700E514E1 /* Reachability.swift */; };
		3BAF02D62A17290A00E514E1 /* AppCoordinator.swift in Sources */ = {isa = PBXBuildFile; fileRef = 3BAF02D52A17290A00E514E1 /* AppCoordinator.swift */; };
		3BAF02D82A17294200E514E1 /* Coordinator.swift in Sources */ = {isa = PBXBuildFile; fileRef = 3BAF02D72A17294200E514E1 /* Coordinator.swift */; };
		3BAF02E02A174A0A00E514E1 /* AppDelegate.swift in Sources */ = {isa = PBXBuildFile; fileRef = 3BAF02DF2A174A0A00E514E1 /* AppDelegate.swift */; };
		3BAF02E22A174A0A00E514E1 /* SceneDelegate.swift in Sources */ = {isa = PBXBuildFile; fileRef = 3BAF02E12A174A0A00E514E1 /* SceneDelegate.swift */; };
		3BAF02E42A174A0A00E514E1 /* ViewController.swift in Sources */ = {isa = PBXBuildFile; fileRef = 3BAF02E32A174A0A00E514E1 /* ViewController.swift */; };
		3BAF02E72A174A0A00E514E1 /* Main.storyboard in Resources */ = {isa = PBXBuildFile; fileRef = 3BAF02E52A174A0A00E514E1 /* Main.storyboard */; };
		3BAF02E92A174A0C00E514E1 /* Assets.xcassets in Resources */ = {isa = PBXBuildFile; fileRef = 3BAF02E82A174A0C00E514E1 /* Assets.xcassets */; };
		3BAF02EC2A174A0C00E514E1 /* LaunchScreen.storyboard in Resources */ = {isa = PBXBuildFile; fileRef = 3BAF02EA2A174A0C00E514E1 /* LaunchScreen.storyboard */; };
		3BAF02F12A174AD800E514E1 /* HakkaExpo2023_iOS.framework in Frameworks */ = {isa = PBXBuildFile; fileRef = 3BAF02B62A1706B300E514E1 /* HakkaExpo2023_iOS.framework */; };
		3BAF02F22A174AD800E514E1 /* HakkaExpo2023_iOS.framework in Embed Frameworks */ = {isa = PBXBuildFile; fileRef = 3BAF02B62A1706B300E514E1 /* HakkaExpo2023_iOS.framework */; settings = {ATTRIBUTES = (CodeSignOnCopy, RemoveHeadersOnCopy, ); }; };
		3BAF02F82A174CD600E514E1 /* MainPageViewController.swift in Sources */ = {isa = PBXBuildFile; fileRef = 3BAF02F72A174CD600E514E1 /* MainPageViewController.swift */; };
		3BAF02FA2A174CE700E514E1 /* MainPage.storyboard in Resources */ = {isa = PBXBuildFile; fileRef = 3BAF02F92A174CE700E514E1 /* MainPage.storyboard */; };
		3BAF02FD2A174ED800E514E1 /* Configs.swift in Sources */ = {isa = PBXBuildFile; fileRef = 3BAF02FC2A174ED800E514E1 /* Configs.swift */; };
		3BAF02FF2A17510C00E514E1 /* DeviceIDManager.swift in Sources */ = {isa = PBXBuildFile; fileRef = 3BAF02FE2A17510C00E514E1 /* DeviceIDManager.swift */; };
		3BAF03032A1B1F0B00E514E1 /* NetworkManager.swift in Sources */ = {isa = PBXBuildFile; fileRef = 3BAF03022A1B1F0B00E514E1 /* NetworkManager.swift */; };
		3BAF03062A1B20A800E514E1 /* RestAPI.swift in Sources */ = {isa = PBXBuildFile; fileRef = 3BAF03052A1B20A800E514E1 /* RestAPI.swift */; };
		3BAF03082A1C4F0F00E514E1 /* MainPageViewModel.swift in Sources */ = {isa = PBXBuildFile; fileRef = 3BAF03072A1C4F0F00E514E1 /* MainPageViewModel.swift */; };
		3BAF030B2A1C4F7100E514E1 /* PanoramaViewController.swift in Sources */ = {isa = PBXBuildFile; fileRef = 3BAF030A2A1C4F7100E514E1 /* PanoramaViewController.swift */; };
		3BAF03122A1C532F00E514E1 /* Panorama.storyboard in Resources */ = {isa = PBXBuildFile; fileRef = 3BAF03112A1C532F00E514E1 /* Panorama.storyboard */; };
		3BAF03152A1C61DF00E514E1 /* VenueTableViewCell.swift in Sources */ = {isa = PBXBuildFile; fileRef = 3BAF03132A1C61DF00E514E1 /* VenueTableViewCell.swift */; };
		3BAF03162A1C61DF00E514E1 /* VenueTableViewCell.xib in Resources */ = {isa = PBXBuildFile; fileRef = 3BAF03142A1C61DF00E514E1 /* VenueTableViewCell.xib */; };
		3BAF03192A1C621400E514E1 /* VenueViewModel.swift in Sources */ = {isa = PBXBuildFile; fileRef = 3BAF03182A1C621400E514E1 /* VenueViewModel.swift */; };
		3BAF031B2A1C642200E514E1 /* ARInteraction.storyboard in Resources */ = {isa = PBXBuildFile; fileRef = 3BAF031A2A1C642200E514E1 /* ARInteraction.storyboard */; };
		3BAF031D2A1C646F00E514E1 /* ARInteraction.swift in Sources */ = {isa = PBXBuildFile; fileRef = 3BAF031C2A1C646F00E514E1 /* ARInteraction.swift */; };
		3BAF03212A1C8E9700E514E1 /* Aquarium.storyboard in Resources */ = {isa = PBXBuildFile; fileRef = 3BAF03202A1C8E9700E514E1 /* Aquarium.storyboard */; };
		3BAF03232A1C8EBC00E514E1 /* AquariumViewController.swift in Sources */ = {isa = PBXBuildFile; fileRef = 3BAF03222A1C8EBC00E514E1 /* AquariumViewController.swift */; };
		3BAF03252A1C8FB400E514E1 /* Media.xcassets in Resources */ = {isa = PBXBuildFile; fileRef = 3BAF03242A1C8FB400E514E1 /* Media.xcassets */; };
		3BAF03272A1C8FCC00E514E1 /* art.scnassets in Resources */ = {isa = PBXBuildFile; fileRef = 3BAF03262A1C8FCC00E514E1 /* art.scnassets */; };
		3BAF032D2A1CAF0200E514E1 /* MarineLife3DModel.swift in Sources */ = {isa = PBXBuildFile; fileRef = 3BAF032C2A1CAF0200E514E1 /* MarineLife3DModel.swift */; };
		3BAF03322A1EFDAC00E514E1 /* CarouselCollectionViewCell.swift in Sources */ = {isa = PBXBuildFile; fileRef = 3BAF03302A1EFDAC00E514E1 /* CarouselCollectionViewCell.swift */; };
		3BAF03332A1EFDAC00E514E1 /* CarouselCollectionViewCell.xib in Resources */ = {isa = PBXBuildFile; fileRef = 3BAF03312A1EFDAC00E514E1 /* CarouselCollectionViewCell.xib */; };
		3BAF03382A20437E00E514E1 /* GLTFSceneKit in Frameworks */ = {isa = PBXBuildFile; productRef = 3BAF03372A20437E00E514E1 /* GLTFSceneKit */; };
		3BAF033F2A24A0C500E514E1 /* BasicViewController.swift in Sources */ = {isa = PBXBuildFile; fileRef = 3BAF033E2A24A0C500E514E1 /* BasicViewController.swift */; };
		3BAF03462A25C7FD00E514E1 /* Router.swift in Sources */ = {isa = PBXBuildFile; fileRef = 3BAF03452A25C7FD00E514E1 /* Router.swift */; };
		3BAF03492A25F1B400E514E1 /* PanoramaViewModel.swift in Sources */ = {isa = PBXBuildFile; fileRef = 3BAF03482A25F1B400E514E1 /* PanoramaViewModel.swift */; };
		3BAF034E2A25FBFE00E514E1 /* PanoramaTableViewCell.swift in Sources */ = {isa = PBXBuildFile; fileRef = 3BAF034C2A25FBFE00E514E1 /* PanoramaTableViewCell.swift */; };
		3BAF034F2A25FBFE00E514E1 /* PanoramaTableViewCell.xib in Resources */ = {isa = PBXBuildFile; fileRef = 3BAF034D2A25FBFE00E514E1 /* PanoramaTableViewCell.xib */; };
		3BAF03552A27228400E514E1 /* String + sha1.swift in Sources */ = {isa = PBXBuildFile; fileRef = 3BAF03542A27228400E514E1 /* String + sha1.swift */; };
		3BAF03582A27232400E514E1 /* CryptoSwift in Frameworks */ = {isa = PBXBuildFile; productRef = 3BAF03572A27232400E514E1 /* CryptoSwift */; };
		3BAF035C2A272A9500E514E1 /* HttpsParameters.swift in Sources */ = {isa = PBXBuildFile; fileRef = 3BAF035B2A272A9500E514E1 /* HttpsParameters.swift */; };
		3BAF035E2A2731C800E514E1 /* APIEndpoint.swift in Sources */ = {isa = PBXBuildFile; fileRef = 3BAF035D2A2731C800E514E1 /* APIEndpoint.swift */; };
		3BAF03622A28375700E514E1 /* CommonWebViewController.swift in Sources */ = {isa = PBXBuildFile; fileRef = 3BAF03612A28375700E514E1 /* CommonWebViewController.swift */; };
		3BAF03682A28A09E00E514E1 /* BannerData.swift in Sources */ = {isa = PBXBuildFile; fileRef = 3BAF03672A28A09D00E514E1 /* BannerData.swift */; };
		3BAF036A2A2DCDB400E514E1 /* PanoramaData.swift in Sources */ = {isa = PBXBuildFile; fileRef = 3BAF03692A2DCDB400E514E1 /* PanoramaData.swift */; };
		3BAF036D2A2DE7AE00E514E1 /* UIView + RoundedCorners.swift in Sources */ = {isa = PBXBuildFile; fileRef = 3BAF036C2A2DE7AE00E514E1 /* UIView + RoundedCorners.swift */; };
		3BAF036F2A2DEC7F00E514E1 /* UIStackView + Shadow.swift in Sources */ = {isa = PBXBuildFile; fileRef = 3BAF036E2A2DEC7F00E514E1 /* UIStackView + Shadow.swift */; };
		3BAF03722A2ECD6600E514E1 /* ARMenu.storyboard in Resources */ = {isa = PBXBuildFile; fileRef = 3BAF03712A2ECD6600E514E1 /* ARMenu.storyboard */; };
		3BAF03742A2ECD7B00E514E1 /* ARMeniViewController.swift in Sources */ = {isa = PBXBuildFile; fileRef = 3BAF03732A2ECD7B00E514E1 /* ARMeniViewController.swift */; };
		3BAF03762A2EDD9A00E514E1 /* ARMenuTableViewCell.swift in Sources */ = {isa = PBXBuildFile; fileRef = 3BAF03752A2EDD9A00E514E1 /* ARMenuTableViewCell.swift */; };
		D09D66AFE26D62E68DEB9AC7 /* Pods_Demo.framework in Frameworks */ = {isa = PBXBuildFile; fileRef = 6E8B8F7F2DE5DDAC2CFB5C0B /* Pods_Demo.framework */; };
/* End PBXBuildFile section */

/* Begin PBXContainerItemProxy section */
		3BAF02F32A174AD800E514E1 /* PBXContainerItemProxy */ = {
			isa = PBXContainerItemProxy;
			containerPortal = 3BAF02AD2A1706B300E514E1 /* Project object */;
			proxyType = 1;
			remoteGlobalIDString = 3BAF02B52A1706B300E514E1;
			remoteInfo = "HakkaExpo2023-iOS";
		};
/* End PBXContainerItemProxy section */

/* Begin PBXCopyFilesBuildPhase section */
		3BAF02F52A174AD900E514E1 /* Embed Frameworks */ = {
			isa = PBXCopyFilesBuildPhase;
			buildActionMask = 2147483647;
			dstPath = "";
			dstSubfolderSpec = 10;
			files = (
				3BAF02F22A174AD800E514E1 /* HakkaExpo2023_iOS.framework in Embed Frameworks */,
			);
			name = "Embed Frameworks";
			runOnlyForDeploymentPostprocessing = 0;
		};
/* End PBXCopyFilesBuildPhase section */

/* Begin PBXFileReference section */
		3B82F48C2A2EE6F600B1C805 /* UIImage + Bundle.swift */ = {isa = PBXFileReference; lastKnownFileType = sourcecode.swift; path = "UIImage + Bundle.swift"; sourceTree = "<group>"; };
		3B82F4992A2F0C1D00B1C805 /* SkyLanternVC.swift */ = {isa = PBXFileReference; fileEncoding = 4; lastKnownFileType = sourcecode.swift; path = SkyLanternVC.swift; sourceTree = "<group>"; };
		3B82F49A2A2F0C1D00B1C805 /* SkyLanternCanvasView.swift */ = {isa = PBXFileReference; fileEncoding = 4; lastKnownFileType = sourcecode.swift; path = SkyLanternCanvasView.swift; sourceTree = "<group>"; };
		3B82F49C2A2F0C1D00B1C805 /* SkyLanternResources.swift */ = {isa = PBXFileReference; fileEncoding = 4; lastKnownFileType = sourcecode.swift; path = SkyLanternResources.swift; sourceTree = "<group>"; };
		3B82F49D2A2F0C1D00B1C805 /* VerticalLabel.swift */ = {isa = PBXFileReference; fileEncoding = 4; lastKnownFileType = sourcecode.swift; path = VerticalLabel.swift; sourceTree = "<group>"; };
		3B82F49F2A2F0C1D00B1C805 /* SkyLanternARVC.swift */ = {isa = PBXFileReference; fileEncoding = 4; lastKnownFileType = sourcecode.swift; path = SkyLanternARVC.swift; sourceTree = "<group>"; };
		3B82F4A02A2F0C1D00B1C805 /* SkyLantern.storyboard */ = {isa = PBXFileReference; fileEncoding = 4; lastKnownFileType = file.storyboard; path = SkyLantern.storyboard; sourceTree = "<group>"; };
		3B82F4A12A2F0C1D00B1C805 /* DebugTrackingView.swift */ = {isa = PBXFileReference; fileEncoding = 4; lastKnownFileType = sourcecode.swift; path = DebugTrackingView.swift; sourceTree = "<group>"; };
		3B82F4A22A2F0C1D00B1C805 /* SkyLanternNode+FireNode.swift */ = {isa = PBXFileReference; fileEncoding = 4; lastKnownFileType = sourcecode.swift; path = "SkyLanternNode+FireNode.swift"; sourceTree = "<group>"; };
		3B82F4A42A2F0C1D00B1C805 /* SkyLanternARService.swift */ = {isa = PBXFileReference; fileEncoding = 4; lastKnownFileType = sourcecode.swift; path = SkyLanternARService.swift; sourceTree = "<group>"; };
		3B82F4A52A2F0C1D00B1C805 /* SkyLanternARServiceByARCore.swift */ = {isa = PBXFileReference; fileEncoding = 4; lastKnownFileType = sourcecode.swift; path = SkyLanternARServiceByARCore.swift; sourceTree = "<group>"; };
		3B82F4A62A2F0C1D00B1C805 /* SkyLanternModel.swift */ = {isa = PBXFileReference; fileEncoding = 4; lastKnownFileType = sourcecode.swift; path = SkyLanternModel.swift; sourceTree = "<group>"; };
		3B82F4A72A2F0C1D00B1C805 /* SkyLanternNode.swift */ = {isa = PBXFileReference; fileEncoding = 4; lastKnownFileType = sourcecode.swift; path = SkyLanternNode.swift; sourceTree = "<group>"; };
		3B82F4B62A2F0FF800B1C805 /* UIColor + hex.swift */ = {isa = PBXFileReference; lastKnownFileType = sourcecode.swift; path = "UIColor + hex.swift"; sourceTree = "<group>"; };
		3B82F4B82A2F150E00B1C805 /* AlertManager.swift */ = {isa = PBXFileReference; lastKnownFileType = sourcecode.swift; path = AlertManager.swift; sourceTree = "<group>"; };
		3B82F4BB2A2F207800B1C805 /* Notification.swift */ = {isa = PBXFileReference; lastKnownFileType = sourcecode.swift; path = Notification.swift; sourceTree = "<group>"; };
		3B82F4BD2A2F20C700B1C805 /* LocationService.swift */ = {isa = PBXFileReference; lastKnownFileType = sourcecode.swift; path = LocationService.swift; sourceTree = "<group>"; };
		3B82F4C72A2F356300B1C805 /* HakkaExpoGoogleService-Info.plist */ = {isa = PBXFileReference; fileEncoding = 4; lastKnownFileType = text.plist.xml; path = "HakkaExpoGoogleService-Info.plist"; sourceTree = "<group>"; };
		3BAF02B62A1706B300E514E1 /* HakkaExpo2023_iOS.framework */ = {isa = PBXFileReference; explicitFileType = wrapper.framework; includeInIndex = 0; path = HakkaExpo2023_iOS.framework; sourceTree = BUILT_PRODUCTS_DIR; };
		3BAF02B92A1706B300E514E1 /* HakkaExpo2023_iOS.h */ = {isa = PBXFileReference; lastKnownFileType = sourcecode.c.h; path = HakkaExpo2023_iOS.h; sourceTree = "<group>"; };
		3BAF02D32A17203700E514E1 /* Reachability.swift */ = {isa = PBXFileReference; lastKnownFileType = sourcecode.swift; path = Reachability.swift; sourceTree = "<group>"; };
		3BAF02D52A17290A00E514E1 /* AppCoordinator.swift */ = {isa = PBXFileReference; lastKnownFileType = sourcecode.swift; path = AppCoordinator.swift; sourceTree = "<group>"; };
		3BAF02D72A17294200E514E1 /* Coordinator.swift */ = {isa = PBXFileReference; lastKnownFileType = sourcecode.swift; path = Coordinator.swift; sourceTree = "<group>"; };
		3BAF02DD2A174A0A00E514E1 /* Demo.app */ = {isa = PBXFileReference; explicitFileType = wrapper.application; includeInIndex = 0; path = Demo.app; sourceTree = BUILT_PRODUCTS_DIR; };
		3BAF02DF2A174A0A00E514E1 /* AppDelegate.swift */ = {isa = PBXFileReference; lastKnownFileType = sourcecode.swift; path = AppDelegate.swift; sourceTree = "<group>"; };
		3BAF02E12A174A0A00E514E1 /* SceneDelegate.swift */ = {isa = PBXFileReference; lastKnownFileType = sourcecode.swift; path = SceneDelegate.swift; sourceTree = "<group>"; };
		3BAF02E32A174A0A00E514E1 /* ViewController.swift */ = {isa = PBXFileReference; lastKnownFileType = sourcecode.swift; path = ViewController.swift; sourceTree = "<group>"; };
		3BAF02E62A174A0A00E514E1 /* Base */ = {isa = PBXFileReference; lastKnownFileType = file.storyboard; name = Base; path = Base.lproj/Main.storyboard; sourceTree = "<group>"; };
		3BAF02E82A174A0C00E514E1 /* Assets.xcassets */ = {isa = PBXFileReference; lastKnownFileType = folder.assetcatalog; path = Assets.xcassets; sourceTree = "<group>"; };
		3BAF02EB2A174A0C00E514E1 /* Base */ = {isa = PBXFileReference; lastKnownFileType = file.storyboard; name = Base; path = Base.lproj/LaunchScreen.storyboard; sourceTree = "<group>"; };
		3BAF02ED2A174A0C00E514E1 /* Info.plist */ = {isa = PBXFileReference; lastKnownFileType = text.plist.xml; path = Info.plist; sourceTree = "<group>"; };
		3BAF02F72A174CD600E514E1 /* MainPageViewController.swift */ = {isa = PBXFileReference; lastKnownFileType = sourcecode.swift; path = MainPageViewController.swift; sourceTree = "<group>"; };
		3BAF02F92A174CE700E514E1 /* MainPage.storyboard */ = {isa = PBXFileReference; lastKnownFileType = file.storyboard; path = MainPage.storyboard; sourceTree = "<group>"; };
		3BAF02FC2A174ED800E514E1 /* Configs.swift */ = {isa = PBXFileReference; lastKnownFileType = sourcecode.swift; path = Configs.swift; sourceTree = "<group>"; };
		3BAF02FE2A17510C00E514E1 /* DeviceIDManager.swift */ = {isa = PBXFileReference; lastKnownFileType = sourcecode.swift; path = DeviceIDManager.swift; sourceTree = "<group>"; };
		3BAF03022A1B1F0B00E514E1 /* NetworkManager.swift */ = {isa = PBXFileReference; lastKnownFileType = sourcecode.swift; path = NetworkManager.swift; sourceTree = "<group>"; };
		3BAF03052A1B20A800E514E1 /* RestAPI.swift */ = {isa = PBXFileReference; lastKnownFileType = sourcecode.swift; path = RestAPI.swift; sourceTree = "<group>"; };
		3BAF03072A1C4F0F00E514E1 /* MainPageViewModel.swift */ = {isa = PBXFileReference; lastKnownFileType = sourcecode.swift; path = MainPageViewModel.swift; sourceTree = "<group>"; };
		3BAF030A2A1C4F7100E514E1 /* PanoramaViewController.swift */ = {isa = PBXFileReference; lastKnownFileType = sourcecode.swift; path = PanoramaViewController.swift; sourceTree = "<group>"; };
		3BAF03112A1C532F00E514E1 /* Panorama.storyboard */ = {isa = PBXFileReference; lastKnownFileType = file.storyboard; path = Panorama.storyboard; sourceTree = "<group>"; };
		3BAF03132A1C61DF00E514E1 /* VenueTableViewCell.swift */ = {isa = PBXFileReference; lastKnownFileType = sourcecode.swift; path = VenueTableViewCell.swift; sourceTree = "<group>"; };
		3BAF03142A1C61DF00E514E1 /* VenueTableViewCell.xib */ = {isa = PBXFileReference; lastKnownFileType = file.xib; path = VenueTableViewCell.xib; sourceTree = "<group>"; };
		3BAF03182A1C621400E514E1 /* VenueViewModel.swift */ = {isa = PBXFileReference; lastKnownFileType = sourcecode.swift; path = VenueViewModel.swift; sourceTree = "<group>"; };
		3BAF031A2A1C642200E514E1 /* ARInteraction.storyboard */ = {isa = PBXFileReference; lastKnownFileType = file.storyboard; path = ARInteraction.storyboard; sourceTree = "<group>"; };
		3BAF031C2A1C646F00E514E1 /* ARInteraction.swift */ = {isa = PBXFileReference; lastKnownFileType = sourcecode.swift; path = ARInteraction.swift; sourceTree = "<group>"; };
		3BAF03202A1C8E9700E514E1 /* Aquarium.storyboard */ = {isa = PBXFileReference; lastKnownFileType = file.storyboard; path = Aquarium.storyboard; sourceTree = "<group>"; };
		3BAF03222A1C8EBC00E514E1 /* AquariumViewController.swift */ = {isa = PBXFileReference; lastKnownFileType = sourcecode.swift; path = AquariumViewController.swift; sourceTree = "<group>"; };
		3BAF03242A1C8FB400E514E1 /* Media.xcassets */ = {isa = PBXFileReference; lastKnownFileType = folder.assetcatalog; path = Media.xcassets; sourceTree = "<group>"; };
		3BAF03262A1C8FCC00E514E1 /* art.scnassets */ = {isa = PBXFileReference; lastKnownFileType = wrapper.scnassets; path = art.scnassets; sourceTree = "<group>"; };
		3BAF032C2A1CAF0200E514E1 /* MarineLife3DModel.swift */ = {isa = PBXFileReference; lastKnownFileType = sourcecode.swift; path = MarineLife3DModel.swift; sourceTree = "<group>"; };
		3BAF03302A1EFDAC00E514E1 /* CarouselCollectionViewCell.swift */ = {isa = PBXFileReference; lastKnownFileType = sourcecode.swift; path = CarouselCollectionViewCell.swift; sourceTree = "<group>"; };
		3BAF03312A1EFDAC00E514E1 /* CarouselCollectionViewCell.xib */ = {isa = PBXFileReference; lastKnownFileType = file.xib; path = CarouselCollectionViewCell.xib; sourceTree = "<group>"; };
		3BAF033E2A24A0C500E514E1 /* BasicViewController.swift */ = {isa = PBXFileReference; lastKnownFileType = sourcecode.swift; path = BasicViewController.swift; sourceTree = "<group>"; };
		3BAF03452A25C7FD00E514E1 /* Router.swift */ = {isa = PBXFileReference; lastKnownFileType = sourcecode.swift; path = Router.swift; sourceTree = "<group>"; };
		3BAF03482A25F1B400E514E1 /* PanoramaViewModel.swift */ = {isa = PBXFileReference; lastKnownFileType = sourcecode.swift; path = PanoramaViewModel.swift; sourceTree = "<group>"; };
		3BAF034C2A25FBFE00E514E1 /* PanoramaTableViewCell.swift */ = {isa = PBXFileReference; lastKnownFileType = sourcecode.swift; path = PanoramaTableViewCell.swift; sourceTree = "<group>"; };
		3BAF034D2A25FBFE00E514E1 /* PanoramaTableViewCell.xib */ = {isa = PBXFileReference; lastKnownFileType = file.xib; path = PanoramaTableViewCell.xib; sourceTree = "<group>"; };
		3BAF03542A27228400E514E1 /* String + sha1.swift */ = {isa = PBXFileReference; lastKnownFileType = sourcecode.swift; path = "String + sha1.swift"; sourceTree = "<group>"; };
		3BAF03592A2726DC00E514E1 /* CryptoKit.framework */ = {isa = PBXFileReference; lastKnownFileType = wrapper.framework; name = CryptoKit.framework; path = Platforms/MacOSX.platform/Developer/SDKs/MacOSX13.3.sdk/System/Library/Frameworks/CryptoKit.framework; sourceTree = DEVELOPER_DIR; };
		3BAF035B2A272A9500E514E1 /* HttpsParameters.swift */ = {isa = PBXFileReference; lastKnownFileType = sourcecode.swift; path = HttpsParameters.swift; sourceTree = "<group>"; };
		3BAF035D2A2731C800E514E1 /* APIEndpoint.swift */ = {isa = PBXFileReference; lastKnownFileType = sourcecode.swift; path = APIEndpoint.swift; sourceTree = "<group>"; };
		3BAF03612A28375700E514E1 /* CommonWebViewController.swift */ = {isa = PBXFileReference; lastKnownFileType = sourcecode.swift; path = CommonWebViewController.swift; sourceTree = "<group>"; };
		3BAF03672A28A09D00E514E1 /* BannerData.swift */ = {isa = PBXFileReference; lastKnownFileType = sourcecode.swift; path = BannerData.swift; sourceTree = "<group>"; };
		3BAF03692A2DCDB400E514E1 /* PanoramaData.swift */ = {isa = PBXFileReference; lastKnownFileType = sourcecode.swift; path = PanoramaData.swift; sourceTree = "<group>"; };
		3BAF036C2A2DE7AE00E514E1 /* UIView + RoundedCorners.swift */ = {isa = PBXFileReference; lastKnownFileType = sourcecode.swift; path = "UIView + RoundedCorners.swift"; sourceTree = "<group>"; };
		3BAF036E2A2DEC7F00E514E1 /* UIStackView + Shadow.swift */ = {isa = PBXFileReference; lastKnownFileType = sourcecode.swift; path = "UIStackView + Shadow.swift"; sourceTree = "<group>"; };
		3BAF03712A2ECD6600E514E1 /* ARMenu.storyboard */ = {isa = PBXFileReference; lastKnownFileType = file.storyboard; path = ARMenu.storyboard; sourceTree = "<group>"; };
		3BAF03732A2ECD7B00E514E1 /* ARMeniViewController.swift */ = {isa = PBXFileReference; lastKnownFileType = sourcecode.swift; path = ARMeniViewController.swift; sourceTree = "<group>"; };
		3BAF03752A2EDD9A00E514E1 /* ARMenuTableViewCell.swift */ = {isa = PBXFileReference; lastKnownFileType = sourcecode.swift; path = ARMenuTableViewCell.swift; sourceTree = "<group>"; };
		631FB878049E7B63F5C9DC5C /* Pods_HakkaExpo2023_iOS.framework */ = {isa = PBXFileReference; explicitFileType = wrapper.framework; includeInIndex = 0; path = Pods_HakkaExpo2023_iOS.framework; sourceTree = BUILT_PRODUCTS_DIR; };
		6E8B8F7F2DE5DDAC2CFB5C0B /* Pods_Demo.framework */ = {isa = PBXFileReference; explicitFileType = wrapper.framework; includeInIndex = 0; path = Pods_Demo.framework; sourceTree = BUILT_PRODUCTS_DIR; };
		92FAFC231239541F503F75B2 /* Pods-Demo.release.xcconfig */ = {isa = PBXFileReference; includeInIndex = 1; lastKnownFileType = text.xcconfig; name = "Pods-Demo.release.xcconfig"; path = "Target Support Files/Pods-Demo/Pods-Demo.release.xcconfig"; sourceTree = "<group>"; };
		C487840B7C68FB02049DA99C /* Pods-HakkaExpo2023-iOS.release.xcconfig */ = {isa = PBXFileReference; includeInIndex = 1; lastKnownFileType = text.xcconfig; name = "Pods-HakkaExpo2023-iOS.release.xcconfig"; path = "Target Support Files/Pods-HakkaExpo2023-iOS/Pods-HakkaExpo2023-iOS.release.xcconfig"; sourceTree = "<group>"; };
		E6018B7B80A7322FD7047128 /* Pods-Demo.debug.xcconfig */ = {isa = PBXFileReference; includeInIndex = 1; lastKnownFileType = text.xcconfig; name = "Pods-Demo.debug.xcconfig"; path = "Target Support Files/Pods-Demo/Pods-Demo.debug.xcconfig"; sourceTree = "<group>"; };
		F81B9C01A7BF254FA5623790 /* Pods-HakkaExpo2023-iOS.debug.xcconfig */ = {isa = PBXFileReference; includeInIndex = 1; lastKnownFileType = text.xcconfig; name = "Pods-HakkaExpo2023-iOS.debug.xcconfig"; path = "Target Support Files/Pods-HakkaExpo2023-iOS/Pods-HakkaExpo2023-iOS.debug.xcconfig"; sourceTree = "<group>"; };
/* End PBXFileReference section */

/* Begin PBXFrameworksBuildPhase section */
		3BAF02B32A1706B300E514E1 /* Frameworks */ = {
			isa = PBXFrameworksBuildPhase;
			buildActionMask = 2147483647;
			files = (
				13EAD37FC369BCAB9B5A511A /* Pods_HakkaExpo2023_iOS.framework in Frameworks */,
				3BAF02CA2A170DF100E514E1 /* Alamofire in Frameworks */,
				3BAF03582A27232400E514E1 /* CryptoSwift in Frameworks */,
				3BAF03382A20437E00E514E1 /* GLTFSceneKit in Frameworks */,
			);
			runOnlyForDeploymentPostprocessing = 0;
		};
		3BAF02DA2A174A0A00E514E1 /* Frameworks */ = {
			isa = PBXFrameworksBuildPhase;
			buildActionMask = 2147483647;
			files = (
				3BAF02F12A174AD800E514E1 /* HakkaExpo2023_iOS.framework in Frameworks */,
				D09D66AFE26D62E68DEB9AC7 /* Pods_Demo.framework in Frameworks */,
			);
			runOnlyForDeploymentPostprocessing = 0;
		};
/* End PBXFrameworksBuildPhase section */

/* Begin PBXGroup section */
		3B82F48B2A2EE6DC00B1C805 /* UIImage */ = {
			isa = PBXGroup;
			children = (
				3B82F48C2A2EE6F600B1C805 /* UIImage + Bundle.swift */,
			);
			path = UIImage;
			sourceTree = "<group>";
		};
		3B82F4982A2F0C1D00B1C805 /* 放天燈 */ = {
			isa = PBXGroup;
			children = (
				3B82F4A02A2F0C1D00B1C805 /* SkyLantern.storyboard */,
				3B82F4992A2F0C1D00B1C805 /* SkyLanternVC.swift */,
				3B82F49A2A2F0C1D00B1C805 /* SkyLanternCanvasView.swift */,
				3B82F49F2A2F0C1D00B1C805 /* SkyLanternARVC.swift */,
				3B82F49B2A2F0C1D00B1C805 /* Resources */,
				3B82F4A12A2F0C1D00B1C805 /* DebugTrackingView.swift */,
				3B82F4A22A2F0C1D00B1C805 /* SkyLanternNode+FireNode.swift */,
				3B82F4A32A2F0C1D00B1C805 /* Service */,
				3B82F4A62A2F0C1D00B1C805 /* SkyLanternModel.swift */,
				3B82F4A72A2F0C1D00B1C805 /* SkyLanternNode.swift */,
			);
			path = "放天燈";
			sourceTree = "<group>";
		};
		3B82F49B2A2F0C1D00B1C805 /* Resources */ = {
			isa = PBXGroup;
			children = (
				3B82F49C2A2F0C1D00B1C805 /* SkyLanternResources.swift */,
				3B82F49D2A2F0C1D00B1C805 /* VerticalLabel.swift */,
			);
			path = Resources;
			sourceTree = "<group>";
		};
		3B82F4A32A2F0C1D00B1C805 /* Service */ = {
			isa = PBXGroup;
			children = (
				3B82F4A42A2F0C1D00B1C805 /* SkyLanternARService.swift */,
				3B82F4A52A2F0C1D00B1C805 /* SkyLanternARServiceByARCore.swift */,
			);
			path = Service;
			sourceTree = "<group>";
		};
		3B82F4B52A2F0FDC00B1C805 /* UIColor */ = {
			isa = PBXGroup;
			children = (
				3B82F4B62A2F0FF800B1C805 /* UIColor + hex.swift */,
			);
			path = UIColor;
			sourceTree = "<group>";
		};
		3B82F4BA2A2F206000B1C805 /* Notification */ = {
			isa = PBXGroup;
			children = (
				3B82F4BB2A2F207800B1C805 /* Notification.swift */,
			);
			path = Notification;
			sourceTree = "<group>";
		};
		3BAF02AC2A1706B300E514E1 = {
			isa = PBXGroup;
			children = (
				3BAF02B82A1706B300E514E1 /* HakkaExpo2023-iOS */,
				3BAF02DE2A174A0A00E514E1 /* Demo */,
				3BAF02B72A1706B300E514E1 /* Products */,
				59D31F6C84B1FC177623D8A4 /* Pods */,
				FE4A1E7B3FB2026C1C4FD544 /* Frameworks */,
			);
			sourceTree = "<group>";
		};
		3BAF02B72A1706B300E514E1 /* Products */ = {
			isa = PBXGroup;
			children = (
				3BAF02B62A1706B300E514E1 /* HakkaExpo2023_iOS.framework */,
				3BAF02DD2A174A0A00E514E1 /* Demo.app */,
			);
			name = Products;
			sourceTree = "<group>";
		};
		3BAF02B82A1706B300E514E1 /* HakkaExpo2023-iOS */ = {
			isa = PBXGroup;
			children = (
				3BAF02FB2A174EBD00E514E1 /* Configs */,
				3BAF02CF2A171BFF00E514E1 /* Application */,
				3BAF02C62A170BA600E514E1 /* Resources */,
				3BAF02C52A170B8200E514E1 /* Networking */,
				3BAF02C42A170B6800E514E1 /* Models */,
				3BAF02C32A170B4E00E514E1 /* Managers */,
				3BAF02C22A17091900E514E1 /* Modules */,
				3BAF02C12A1708F800E514E1 /* Extensions */,
				3BAF02C02A1708DC00E514E1 /* Common */,
				3BAF02B92A1706B300E514E1 /* HakkaExpo2023_iOS.h */,
			);
			path = "HakkaExpo2023-iOS";
			sourceTree = "<group>";
		};
		3BAF02C02A1708DC00E514E1 /* Common */ = {
			isa = PBXGroup;
			children = (
			);
			path = Common;
			sourceTree = "<group>";
		};
		3BAF02C12A1708F800E514E1 /* Extensions */ = {
			isa = PBXGroup;
			children = (
				3B82F4BA2A2F206000B1C805 /* Notification */,
				3B82F4B52A2F0FDC00B1C805 /* UIColor */,
				3B82F48B2A2EE6DC00B1C805 /* UIImage */,
				3BAF03532A27226600E514E1 /* String */,
				3BAF02C72A170D6F00E514E1 /* UIVIew */,
			);
			path = Extensions;
			sourceTree = "<group>";
		};
		3BAF02C22A17091900E514E1 /* Modules */ = {
			isa = PBXGroup;
			children = (
				3BAF03702A2ECD3C00E514E1 /* AR選單 */,
				3BAF033D2A24A0AA00E514E1 /* Basic */,
				3BAF03172A1C61EC00E514E1 /* Venue */,
				3BAF030E2A1C4FCC00E514E1 /* AR互動 */,
				3BAF030D2A1C4FBC00E514E1 /* 智慧導引 */,
				3BAF030C2A1C4FA200E514E1 /* 踏點闖關 */,
				3BAF03092A1C4F1700E514E1 /* 360環景 */,
				3BAF02F62A174CB500E514E1 /* 主頁 */,
			);
			path = Modules;
			sourceTree = "<group>";
		};
		3BAF02C32A170B4E00E514E1 /* Managers */ = {
			isa = PBXGroup;
			children = (
				3BAF02D32A17203700E514E1 /* Reachability.swift */,
				3BAF02FE2A17510C00E514E1 /* DeviceIDManager.swift */,
				3BAF03022A1B1F0B00E514E1 /* NetworkManager.swift */,
				3B82F4B82A2F150E00B1C805 /* AlertManager.swift */,
				3B82F4BD2A2F20C700B1C805 /* LocationService.swift */,
			);
			path = Managers;
			sourceTree = "<group>";
		};
		3BAF02C42A170B6800E514E1 /* Models */ = {
			isa = PBXGroup;
			children = (
				3BAF032C2A1CAF0200E514E1 /* MarineLife3DModel.swift */,
				3BAF03672A28A09D00E514E1 /* BannerData.swift */,
				3BAF03692A2DCDB400E514E1 /* PanoramaData.swift */,
			);
			path = Models;
			sourceTree = "<group>";
		};
		3BAF02C52A170B8200E514E1 /* Networking */ = {
			isa = PBXGroup;
			children = (
				3BAF03052A1B20A800E514E1 /* RestAPI.swift */,
				3BAF035B2A272A9500E514E1 /* HttpsParameters.swift */,
				3BAF035D2A2731C800E514E1 /* APIEndpoint.swift */,
			);
			path = Networking;
			sourceTree = "<group>";
		};
		3BAF02C62A170BA600E514E1 /* Resources */ = {
			isa = PBXGroup;
			children = (
				3B82F4C72A2F356300B1C805 /* HakkaExpoGoogleService-Info.plist */,
				3BAF03242A1C8FB400E514E1 /* Media.xcassets */,
				3BAF03262A1C8FCC00E514E1 /* art.scnassets */,
			);
			path = Resources;
			sourceTree = "<group>";
		};
		3BAF02C72A170D6F00E514E1 /* UIVIew */ = {
			isa = PBXGroup;
			children = (
				3BAF036C2A2DE7AE00E514E1 /* UIView + RoundedCorners.swift */,
				3BAF036E2A2DEC7F00E514E1 /* UIStackView + Shadow.swift */,
			);
			path = UIVIew;
			sourceTree = "<group>";
		};
		3BAF02CF2A171BFF00E514E1 /* Application */ = {
			isa = PBXGroup;
			children = (
				3BAF02D02A171C0F00E514E1 /* Coordinator */,
			);
			path = Application;
			sourceTree = "<group>";
		};
		3BAF02D02A171C0F00E514E1 /* Coordinator */ = {
			isa = PBXGroup;
			children = (
				3BAF02D52A17290A00E514E1 /* AppCoordinator.swift */,
				3BAF02D72A17294200E514E1 /* Coordinator.swift */,
				3BAF03452A25C7FD00E514E1 /* Router.swift */,
			);
			path = Coordinator;
			sourceTree = "<group>";
		};
		3BAF02DE2A174A0A00E514E1 /* Demo */ = {
			isa = PBXGroup;
			children = (
				3BAF02DF2A174A0A00E514E1 /* AppDelegate.swift */,
				3BAF02E12A174A0A00E514E1 /* SceneDelegate.swift */,
				3BAF02E32A174A0A00E514E1 /* ViewController.swift */,
				3BAF02E52A174A0A00E514E1 /* Main.storyboard */,
				3BAF02E82A174A0C00E514E1 /* Assets.xcassets */,
				3BAF02EA2A174A0C00E514E1 /* LaunchScreen.storyboard */,
				3BAF02ED2A174A0C00E514E1 /* Info.plist */,
			);
			path = Demo;
			sourceTree = "<group>";
		};
		3BAF02F62A174CB500E514E1 /* 主頁 */ = {
			isa = PBXGroup;
			children = (
				3BAF02F72A174CD600E514E1 /* MainPageViewController.swift */,
				3BAF02F92A174CE700E514E1 /* MainPage.storyboard */,
				3BAF03072A1C4F0F00E514E1 /* MainPageViewModel.swift */,
				3BAF03302A1EFDAC00E514E1 /* CarouselCollectionViewCell.swift */,
				3BAF03312A1EFDAC00E514E1 /* CarouselCollectionViewCell.xib */,
			);
			path = "主頁";
			sourceTree = "<group>";
		};
		3BAF02FB2A174EBD00E514E1 /* Configs */ = {
			isa = PBXGroup;
			children = (
				3BAF02FC2A174ED800E514E1 /* Configs.swift */,
			);
			path = Configs;
			sourceTree = "<group>";
		};
		3BAF03092A1C4F1700E514E1 /* 360環景 */ = {
			isa = PBXGroup;
			children = (
				3BAF030A2A1C4F7100E514E1 /* PanoramaViewController.swift */,
				3BAF03112A1C532F00E514E1 /* Panorama.storyboard */,
				3BAF03482A25F1B400E514E1 /* PanoramaViewModel.swift */,
				3BAF034C2A25FBFE00E514E1 /* PanoramaTableViewCell.swift */,
				3BAF034D2A25FBFE00E514E1 /* PanoramaTableViewCell.xib */,
			);
			path = "360環景";
			sourceTree = "<group>";
		};
		3BAF030C2A1C4FA200E514E1 /* 踏點闖關 */ = {
			isa = PBXGroup;
			children = (
			);
			path = "踏點闖關";
			sourceTree = "<group>";
		};
		3BAF030D2A1C4FBC00E514E1 /* 智慧導引 */ = {
			isa = PBXGroup;
			children = (
			);
			path = "智慧導引";
			sourceTree = "<group>";
		};
		3BAF030E2A1C4FCC00E514E1 /* AR互動 */ = {
			isa = PBXGroup;
			children = (
				3BAF031A2A1C642200E514E1 /* ARInteraction.storyboard */,
				3BAF031C2A1C646F00E514E1 /* ARInteraction.swift */,
				3B82F4982A2F0C1D00B1C805 /* 放天燈 */,
				3BAF031F2A1C6E2800E514E1 /* 海底世界 */,
			);
			path = "AR互動";
			sourceTree = "<group>";
		};
		3BAF03172A1C61EC00E514E1 /* Venue */ = {
			isa = PBXGroup;
			children = (
				3BAF03142A1C61DF00E514E1 /* VenueTableViewCell.xib */,
				3BAF03132A1C61DF00E514E1 /* VenueTableViewCell.swift */,
				3BAF03182A1C621400E514E1 /* VenueViewModel.swift */,
			);
			path = Venue;
			sourceTree = "<group>";
		};
		3BAF031F2A1C6E2800E514E1 /* 海底世界 */ = {
			isa = PBXGroup;
			children = (
				3BAF03202A1C8E9700E514E1 /* Aquarium.storyboard */,
				3BAF03222A1C8EBC00E514E1 /* AquariumViewController.swift */,
			);
			path = "海底世界";
			sourceTree = "<group>";
		};
		3BAF033D2A24A0AA00E514E1 /* Basic */ = {
			isa = PBXGroup;
			children = (
				3BAF033E2A24A0C500E514E1 /* BasicViewController.swift */,
				3BAF03612A28375700E514E1 /* CommonWebViewController.swift */,
			);
			path = Basic;
			sourceTree = "<group>";
		};
		3BAF03532A27226600E514E1 /* String */ = {
			isa = PBXGroup;
			children = (
				3BAF03542A27228400E514E1 /* String + sha1.swift */,
			);
			path = String;
			sourceTree = "<group>";
		};
		3BAF03702A2ECD3C00E514E1 /* AR選單 */ = {
			isa = PBXGroup;
			children = (
				3BAF03712A2ECD6600E514E1 /* ARMenu.storyboard */,
				3BAF03732A2ECD7B00E514E1 /* ARMeniViewController.swift */,
				3BAF03752A2EDD9A00E514E1 /* ARMenuTableViewCell.swift */,
			);
			path = "AR選單";
			sourceTree = "<group>";
		};
		59D31F6C84B1FC177623D8A4 /* Pods */ = {
			isa = PBXGroup;
			children = (
				F81B9C01A7BF254FA5623790 /* Pods-HakkaExpo2023-iOS.debug.xcconfig */,
				C487840B7C68FB02049DA99C /* Pods-HakkaExpo2023-iOS.release.xcconfig */,
				E6018B7B80A7322FD7047128 /* Pods-Demo.debug.xcconfig */,
				92FAFC231239541F503F75B2 /* Pods-Demo.release.xcconfig */,
			);
			path = Pods;
			sourceTree = "<group>";
		};
		FE4A1E7B3FB2026C1C4FD544 /* Frameworks */ = {
			isa = PBXGroup;
			children = (
				3BAF03592A2726DC00E514E1 /* CryptoKit.framework */,
				631FB878049E7B63F5C9DC5C /* Pods_HakkaExpo2023_iOS.framework */,
				6E8B8F7F2DE5DDAC2CFB5C0B /* Pods_Demo.framework */,
			);
			name = Frameworks;
			sourceTree = "<group>";
		};
/* End PBXGroup section */

/* Begin PBXHeadersBuildPhase section */
		3BAF02B12A1706B300E514E1 /* Headers */ = {
			isa = PBXHeadersBuildPhase;
			buildActionMask = 2147483647;
			files = (
				3BAF02BA2A1706B300E514E1 /* HakkaExpo2023_iOS.h in Headers */,
			);
			runOnlyForDeploymentPostprocessing = 0;
		};
/* End PBXHeadersBuildPhase section */

/* Begin PBXNativeTarget section */
		3BAF02B52A1706B300E514E1 /* HakkaExpo2023-iOS */ = {
			isa = PBXNativeTarget;
			buildConfigurationList = 3BAF02BD2A1706B300E514E1 /* Build configuration list for PBXNativeTarget "HakkaExpo2023-iOS" */;
			buildPhases = (
				B1D12A8AC54FE5E81E64F5DB /* [CP] Check Pods Manifest.lock */,
				3BAF02B12A1706B300E514E1 /* Headers */,
				3BAF02B22A1706B300E514E1 /* Sources */,
				3BAF02B32A1706B300E514E1 /* Frameworks */,
				3BAF02B42A1706B300E514E1 /* Resources */,
				34EDA8A961D1377A48D49569 /* [CP] Copy Pods Resources */,
			);
			buildRules = (
			);
			dependencies = (
			);
			name = "HakkaExpo2023-iOS";
			packageProductDependencies = (
				3BAF02C92A170DF100E514E1 /* Alamofire */,
				3BAF03372A20437E00E514E1 /* GLTFSceneKit */,
				3BAF03572A27232400E514E1 /* CryptoSwift */,
			);
			productName = "HakkaExpo2023-iOS";
			productReference = 3BAF02B62A1706B300E514E1 /* HakkaExpo2023_iOS.framework */;
			productType = "com.apple.product-type.framework";
		};
		3BAF02DC2A174A0A00E514E1 /* Demo */ = {
			isa = PBXNativeTarget;
			buildConfigurationList = 3BAF02EE2A174A0C00E514E1 /* Build configuration list for PBXNativeTarget "Demo" */;
			buildPhases = (
				8632F091F96AA428B36717AF /* [CP] Check Pods Manifest.lock */,
				3BAF02D92A174A0A00E514E1 /* Sources */,
				3BAF02DA2A174A0A00E514E1 /* Frameworks */,
				3BAF02DB2A174A0A00E514E1 /* Resources */,
				3BAF02F52A174AD900E514E1 /* Embed Frameworks */,
				1549A0E7F9413BD9FE671BC0 /* [CP] Embed Pods Frameworks */,
				3973FD7F6027D7524999F2D4 /* [CP] Copy Pods Resources */,
			);
			buildRules = (
			);
			dependencies = (
				3BAF02F42A174AD800E514E1 /* PBXTargetDependency */,
			);
			name = Demo;
			productName = Demo;
			productReference = 3BAF02DD2A174A0A00E514E1 /* Demo.app */;
			productType = "com.apple.product-type.application";
		};
/* End PBXNativeTarget section */

/* Begin PBXProject section */
		3BAF02AD2A1706B300E514E1 /* Project object */ = {
			isa = PBXProject;
			attributes = {
				BuildIndependentTargetsInParallel = 1;
				LastSwiftUpdateCheck = 1430;
				LastUpgradeCheck = 1430;
				TargetAttributes = {
					3BAF02B52A1706B300E514E1 = {
						CreatedOnToolsVersion = 14.3;
						LastSwiftMigration = 1430;
					};
					3BAF02DC2A174A0A00E514E1 = {
						CreatedOnToolsVersion = 14.3;
					};
				};
			};
			buildConfigurationList = 3BAF02B02A1706B300E514E1 /* Build configuration list for PBXProject "HakkaExpo2023-iOS" */;
			compatibilityVersion = "Xcode 14.0";
			developmentRegion = en;
			hasScannedForEncodings = 0;
			knownRegions = (
				en,
				Base,
			);
			mainGroup = 3BAF02AC2A1706B300E514E1;
			packageReferences = (
				3BAF02C82A170DF100E514E1 /* XCRemoteSwiftPackageReference "Alamofire" */,
				3BAF03362A20437E00E514E1 /* XCRemoteSwiftPackageReference "GLTFSceneKit" */,
				3BAF03562A27232400E514E1 /* XCRemoteSwiftPackageReference "CryptoSwift" */,
			);
			productRefGroup = 3BAF02B72A1706B300E514E1 /* Products */;
			projectDirPath = "";
			projectRoot = "";
			targets = (
				3BAF02B52A1706B300E514E1 /* HakkaExpo2023-iOS */,
				3BAF02DC2A174A0A00E514E1 /* Demo */,
			);
		};
/* End PBXProject section */

/* Begin PBXResourcesBuildPhase section */
		3BAF02B42A1706B300E514E1 /* Resources */ = {
			isa = PBXResourcesBuildPhase;
			buildActionMask = 2147483647;
			files = (
				3BAF02FA2A174CE700E514E1 /* MainPage.storyboard in Resources */,
				3BAF03122A1C532F00E514E1 /* Panorama.storyboard in Resources */,
				3BAF03272A1C8FCC00E514E1 /* art.scnassets in Resources */,
				3BAF031B2A1C642200E514E1 /* ARInteraction.storyboard in Resources */,
				3BAF03722A2ECD6600E514E1 /* ARMenu.storyboard in Resources */,
				3B82F4C82A2F356300B1C805 /* HakkaExpoGoogleService-Info.plist in Resources */,
				3BAF03332A1EFDAC00E514E1 /* CarouselCollectionViewCell.xib in Resources */,
				3BAF03162A1C61DF00E514E1 /* VenueTableViewCell.xib in Resources */,
				3B82F4AE2A2F0C1D00B1C805 /* SkyLantern.storyboard in Resources */,
				3BAF03252A1C8FB400E514E1 /* Media.xcassets in Resources */,
				3BAF034F2A25FBFE00E514E1 /* PanoramaTableViewCell.xib in Resources */,
				3BAF03212A1C8E9700E514E1 /* Aquarium.storyboard in Resources */,
			);
			runOnlyForDeploymentPostprocessing = 0;
		};
		3BAF02DB2A174A0A00E514E1 /* Resources */ = {
			isa = PBXResourcesBuildPhase;
			buildActionMask = 2147483647;
			files = (
				3BAF02EC2A174A0C00E514E1 /* LaunchScreen.storyboard in Resources */,
				3BAF02E92A174A0C00E514E1 /* Assets.xcassets in Resources */,
				3BAF02E72A174A0A00E514E1 /* Main.storyboard in Resources */,
			);
			runOnlyForDeploymentPostprocessing = 0;
		};
/* End PBXResourcesBuildPhase section */

/* Begin PBXShellScriptBuildPhase section */
		1549A0E7F9413BD9FE671BC0 /* [CP] Embed Pods Frameworks */ = {
			isa = PBXShellScriptBuildPhase;
			buildActionMask = 2147483647;
			files = (
			);
			inputFileListPaths = (
				"${PODS_ROOT}/Target Support Files/Pods-Demo/Pods-Demo-frameworks-${CONFIGURATION}-input-files.xcfilelist",
			);
			name = "[CP] Embed Pods Frameworks";
			outputFileListPaths = (
				"${PODS_ROOT}/Target Support Files/Pods-Demo/Pods-Demo-frameworks-${CONFIGURATION}-output-files.xcfilelist",
			);
			runOnlyForDeploymentPostprocessing = 0;
			shellPath = /bin/sh;
			shellScript = "\"${PODS_ROOT}/Target Support Files/Pods-Demo/Pods-Demo-frameworks.sh\"\n";
			showEnvVarsInLog = 0;
		};
		34EDA8A961D1377A48D49569 /* [CP] Copy Pods Resources */ = {
			isa = PBXShellScriptBuildPhase;
			buildActionMask = 2147483647;
			files = (
			);
			inputFileListPaths = (
				"${PODS_ROOT}/Target Support Files/Pods-HakkaExpo2023-iOS/Pods-HakkaExpo2023-iOS-resources-${CONFIGURATION}-input-files.xcfilelist",
			);
			name = "[CP] Copy Pods Resources";
			outputFileListPaths = (
				"${PODS_ROOT}/Target Support Files/Pods-HakkaExpo2023-iOS/Pods-HakkaExpo2023-iOS-resources-${CONFIGURATION}-output-files.xcfilelist",
			);
			runOnlyForDeploymentPostprocessing = 0;
			shellPath = /bin/sh;
			shellScript = "\"${PODS_ROOT}/Target Support Files/Pods-HakkaExpo2023-iOS/Pods-HakkaExpo2023-iOS-resources.sh\"\n";
			showEnvVarsInLog = 0;
		};
		3973FD7F6027D7524999F2D4 /* [CP] Copy Pods Resources */ = {
			isa = PBXShellScriptBuildPhase;
			buildActionMask = 2147483647;
			files = (
			);
			inputFileListPaths = (
				"${PODS_ROOT}/Target Support Files/Pods-Demo/Pods-Demo-resources-${CONFIGURATION}-input-files.xcfilelist",
			);
			name = "[CP] Copy Pods Resources";
			outputFileListPaths = (
				"${PODS_ROOT}/Target Support Files/Pods-Demo/Pods-Demo-resources-${CONFIGURATION}-output-files.xcfilelist",
			);
			runOnlyForDeploymentPostprocessing = 0;
			shellPath = /bin/sh;
			shellScript = "\"${PODS_ROOT}/Target Support Files/Pods-Demo/Pods-Demo-resources.sh\"\n";
			showEnvVarsInLog = 0;
		};
		8632F091F96AA428B36717AF /* [CP] Check Pods Manifest.lock */ = {
			isa = PBXShellScriptBuildPhase;
			buildActionMask = 2147483647;
			files = (
			);
			inputFileListPaths = (
			);
			inputPaths = (
				"${PODS_PODFILE_DIR_PATH}/Podfile.lock",
				"${PODS_ROOT}/Manifest.lock",
			);
			name = "[CP] Check Pods Manifest.lock";
			outputFileListPaths = (
			);
			outputPaths = (
				"$(DERIVED_FILE_DIR)/Pods-Demo-checkManifestLockResult.txt",
			);
			runOnlyForDeploymentPostprocessing = 0;
			shellPath = /bin/sh;
			shellScript = "diff \"${PODS_PODFILE_DIR_PATH}/Podfile.lock\" \"${PODS_ROOT}/Manifest.lock\" > /dev/null\nif [ $? != 0 ] ; then\n    # print error to STDERR\n    echo \"error: The sandbox is not in sync with the Podfile.lock. Run 'pod install' or update your CocoaPods installation.\" >&2\n    exit 1\nfi\n# This output is used by Xcode 'outputs' to avoid re-running this script phase.\necho \"SUCCESS\" > \"${SCRIPT_OUTPUT_FILE_0}\"\n";
			showEnvVarsInLog = 0;
		};
		B1D12A8AC54FE5E81E64F5DB /* [CP] Check Pods Manifest.lock */ = {
			isa = PBXShellScriptBuildPhase;
			buildActionMask = 2147483647;
			files = (
			);
			inputFileListPaths = (
			);
			inputPaths = (
				"${PODS_PODFILE_DIR_PATH}/Podfile.lock",
				"${PODS_ROOT}/Manifest.lock",
			);
			name = "[CP] Check Pods Manifest.lock";
			outputFileListPaths = (
			);
			outputPaths = (
				"$(DERIVED_FILE_DIR)/Pods-HakkaExpo2023-iOS-checkManifestLockResult.txt",
			);
			runOnlyForDeploymentPostprocessing = 0;
			shellPath = /bin/sh;
			shellScript = "diff \"${PODS_PODFILE_DIR_PATH}/Podfile.lock\" \"${PODS_ROOT}/Manifest.lock\" > /dev/null\nif [ $? != 0 ] ; then\n    # print error to STDERR\n    echo \"error: The sandbox is not in sync with the Podfile.lock. Run 'pod install' or update your CocoaPods installation.\" >&2\n    exit 1\nfi\n# This output is used by Xcode 'outputs' to avoid re-running this script phase.\necho \"SUCCESS\" > \"${SCRIPT_OUTPUT_FILE_0}\"\n";
			showEnvVarsInLog = 0;
		};
/* End PBXShellScriptBuildPhase section */

/* Begin PBXSourcesBuildPhase section */
		3BAF02B22A1706B300E514E1 /* Sources */ = {
			isa = PBXSourcesBuildPhase;
			buildActionMask = 2147483647;
			files = (
				3BAF03552A27228400E514E1 /* String + sha1.swift in Sources */,
				3BAF03322A1EFDAC00E514E1 /* CarouselCollectionViewCell.swift in Sources */,
				3B82F4A92A2F0C1D00B1C805 /* SkyLanternCanvasView.swift in Sources */,
				3BAF035E2A2731C800E514E1 /* APIEndpoint.swift in Sources */,
				3BAF033F2A24A0C500E514E1 /* BasicViewController.swift in Sources */,
				3BAF035C2A272A9500E514E1 /* HttpsParameters.swift in Sources */,
				3BAF03492A25F1B400E514E1 /* PanoramaViewModel.swift in Sources */,
				3BAF036F2A2DEC7F00E514E1 /* UIStackView + Shadow.swift in Sources */,
				3BAF02FF2A17510C00E514E1 /* DeviceIDManager.swift in Sources */,
				3BAF02FD2A174ED800E514E1 /* Configs.swift in Sources */,
				3BAF02F82A174CD600E514E1 /* MainPageViewController.swift in Sources */,
				3B82F4BC2A2F207800B1C805 /* Notification.swift in Sources */,
				3BAF02D62A17290A00E514E1 /* AppCoordinator.swift in Sources */,
				3B82F4B92A2F150E00B1C805 /* AlertManager.swift in Sources */,
				3B82F48D2A2EE6F600B1C805 /* UIImage + Bundle.swift in Sources */,
				3BAF03462A25C7FD00E514E1 /* Router.swift in Sources */,
				3B82F4B12A2F0C1D00B1C805 /* SkyLanternARService.swift in Sources */,
				3B82F4AD2A2F0C1D00B1C805 /* SkyLanternARVC.swift in Sources */,
				3B82F4AF2A2F0C1D00B1C805 /* DebugTrackingView.swift in Sources */,
				3B82F4B02A2F0C1D00B1C805 /* SkyLanternNode+FireNode.swift in Sources */,
				3BAF03742A2ECD7B00E514E1 /* ARMeniViewController.swift in Sources */,
				3BAF034E2A25FBFE00E514E1 /* PanoramaTableViewCell.swift in Sources */,
				3BAF02D42A17203700E514E1 /* Reachability.swift in Sources */,
				3BAF03762A2EDD9A00E514E1 /* ARMenuTableViewCell.swift in Sources */,
				3B82F4A82A2F0C1D00B1C805 /* SkyLanternVC.swift in Sources */,
				3BAF02D82A17294200E514E1 /* Coordinator.swift in Sources */,
				3B82F4BE2A2F20C700B1C805 /* LocationService.swift in Sources */,
				3B82F4AA2A2F0C1D00B1C805 /* SkyLanternResources.swift in Sources */,
				3BAF03622A28375700E514E1 /* CommonWebViewController.swift in Sources */,
				3BAF03082A1C4F0F00E514E1 /* MainPageViewModel.swift in Sources */,
				3BAF031D2A1C646F00E514E1 /* ARInteraction.swift in Sources */,
				3B82F4B42A2F0C1D00B1C805 /* SkyLanternNode.swift in Sources */,
				3BAF030B2A1C4F7100E514E1 /* PanoramaViewController.swift in Sources */,
				3BAF03062A1B20A800E514E1 /* RestAPI.swift in Sources */,
				3B82F4B22A2F0C1D00B1C805 /* SkyLanternARServiceByARCore.swift in Sources */,
				3B82F4B72A2F0FF800B1C805 /* UIColor + hex.swift in Sources */,
				3BAF03032A1B1F0B00E514E1 /* NetworkManager.swift in Sources */,
				3BAF03232A1C8EBC00E514E1 /* AquariumViewController.swift in Sources */,
				3BAF03192A1C621400E514E1 /* VenueViewModel.swift in Sources */,
				3BAF03152A1C61DF00E514E1 /* VenueTableViewCell.swift in Sources */,
				3BAF03682A28A09E00E514E1 /* BannerData.swift in Sources */,
				3B82F4AB2A2F0C1D00B1C805 /* VerticalLabel.swift in Sources */,
				3BAF036A2A2DCDB400E514E1 /* PanoramaData.swift in Sources */,
				3BAF032D2A1CAF0200E514E1 /* MarineLife3DModel.swift in Sources */,
				3BAF036D2A2DE7AE00E514E1 /* UIView + RoundedCorners.swift in Sources */,
				3B82F4B32A2F0C1D00B1C805 /* SkyLanternModel.swift in Sources */,
			);
			runOnlyForDeploymentPostprocessing = 0;
		};
		3BAF02D92A174A0A00E514E1 /* Sources */ = {
			isa = PBXSourcesBuildPhase;
			buildActionMask = 2147483647;
			files = (
				3BAF02E42A174A0A00E514E1 /* ViewController.swift in Sources */,
				3BAF02E02A174A0A00E514E1 /* AppDelegate.swift in Sources */,
				3BAF02E22A174A0A00E514E1 /* SceneDelegate.swift in Sources */,
			);
			runOnlyForDeploymentPostprocessing = 0;
		};
/* End PBXSourcesBuildPhase section */

/* Begin PBXTargetDependency section */
		3BAF02F42A174AD800E514E1 /* PBXTargetDependency */ = {
			isa = PBXTargetDependency;
			target = 3BAF02B52A1706B300E514E1 /* HakkaExpo2023-iOS */;
			targetProxy = 3BAF02F32A174AD800E514E1 /* PBXContainerItemProxy */;
		};
/* End PBXTargetDependency section */

/* Begin PBXVariantGroup section */
		3BAF02E52A174A0A00E514E1 /* Main.storyboard */ = {
			isa = PBXVariantGroup;
			children = (
				3BAF02E62A174A0A00E514E1 /* Base */,
			);
			name = Main.storyboard;
			sourceTree = "<group>";
		};
		3BAF02EA2A174A0C00E514E1 /* LaunchScreen.storyboard */ = {
			isa = PBXVariantGroup;
			children = (
				3BAF02EB2A174A0C00E514E1 /* Base */,
			);
			name = LaunchScreen.storyboard;
			sourceTree = "<group>";
		};
/* End PBXVariantGroup section */

/* Begin XCBuildConfiguration section */
		3BAF02BB2A1706B300E514E1 /* Debug */ = {
			isa = XCBuildConfiguration;
			buildSettings = {
				ALWAYS_SEARCH_USER_PATHS = NO;
				CLANG_ANALYZER_NONNULL = YES;
				CLANG_ANALYZER_NUMBER_OBJECT_CONVERSION = YES_AGGRESSIVE;
				CLANG_CXX_LANGUAGE_STANDARD = "gnu++20";
				CLANG_ENABLE_MODULES = YES;
				CLANG_ENABLE_OBJC_ARC = YES;
				CLANG_ENABLE_OBJC_WEAK = YES;
				CLANG_WARN_BLOCK_CAPTURE_AUTORELEASING = YES;
				CLANG_WARN_BOOL_CONVERSION = YES;
				CLANG_WARN_COMMA = YES;
				CLANG_WARN_CONSTANT_CONVERSION = YES;
				CLANG_WARN_DEPRECATED_OBJC_IMPLEMENTATIONS = YES;
				CLANG_WARN_DIRECT_OBJC_ISA_USAGE = YES_ERROR;
				CLANG_WARN_DOCUMENTATION_COMMENTS = YES;
				CLANG_WARN_EMPTY_BODY = YES;
				CLANG_WARN_ENUM_CONVERSION = YES;
				CLANG_WARN_INFINITE_RECURSION = YES;
				CLANG_WARN_INT_CONVERSION = YES;
				CLANG_WARN_NON_LITERAL_NULL_CONVERSION = YES;
				CLANG_WARN_OBJC_IMPLICIT_RETAIN_SELF = YES;
				CLANG_WARN_OBJC_LITERAL_CONVERSION = YES;
				CLANG_WARN_OBJC_ROOT_CLASS = YES_ERROR;
				CLANG_WARN_QUOTED_INCLUDE_IN_FRAMEWORK_HEADER = YES;
				CLANG_WARN_RANGE_LOOP_ANALYSIS = YES;
				CLANG_WARN_STRICT_PROTOTYPES = YES;
				CLANG_WARN_SUSPICIOUS_MOVE = YES;
				CLANG_WARN_UNGUARDED_AVAILABILITY = YES_AGGRESSIVE;
				CLANG_WARN_UNREACHABLE_CODE = YES;
				CLANG_WARN__DUPLICATE_METHOD_MATCH = YES;
				COPY_PHASE_STRIP = NO;
				CURRENT_PROJECT_VERSION = 1;
				DEBUG_INFORMATION_FORMAT = dwarf;
				ENABLE_STRICT_OBJC_MSGSEND = YES;
				ENABLE_TESTABILITY = YES;
				GCC_C_LANGUAGE_STANDARD = gnu11;
				GCC_DYNAMIC_NO_PIC = NO;
				GCC_NO_COMMON_BLOCKS = YES;
				GCC_OPTIMIZATION_LEVEL = 0;
				GCC_PREPROCESSOR_DEFINITIONS = (
					"DEBUG=1",
					"$(inherited)",
				);
				GCC_WARN_64_TO_32_BIT_CONVERSION = YES;
				GCC_WARN_ABOUT_RETURN_TYPE = YES_ERROR;
				GCC_WARN_UNDECLARED_SELECTOR = YES;
				GCC_WARN_UNINITIALIZED_AUTOS = YES_AGGRESSIVE;
				GCC_WARN_UNUSED_FUNCTION = YES;
				GCC_WARN_UNUSED_VARIABLE = YES;
				IPHONEOS_DEPLOYMENT_TARGET = 11.0;
				MTL_ENABLE_DEBUG_INFO = INCLUDE_SOURCE;
				MTL_FAST_MATH = YES;
				ONLY_ACTIVE_ARCH = YES;
				SDKROOT = iphoneos;
				SWIFT_ACTIVE_COMPILATION_CONDITIONS = DEBUG;
				SWIFT_OPTIMIZATION_LEVEL = "-Onone";
				VERSIONING_SYSTEM = "apple-generic";
				VERSION_INFO_PREFIX = "";
			};
			name = Debug;
		};
		3BAF02BC2A1706B300E514E1 /* Release */ = {
			isa = XCBuildConfiguration;
			buildSettings = {
				ALWAYS_SEARCH_USER_PATHS = NO;
				CLANG_ANALYZER_NONNULL = YES;
				CLANG_ANALYZER_NUMBER_OBJECT_CONVERSION = YES_AGGRESSIVE;
				CLANG_CXX_LANGUAGE_STANDARD = "gnu++20";
				CLANG_ENABLE_MODULES = YES;
				CLANG_ENABLE_OBJC_ARC = YES;
				CLANG_ENABLE_OBJC_WEAK = YES;
				CLANG_WARN_BLOCK_CAPTURE_AUTORELEASING = YES;
				CLANG_WARN_BOOL_CONVERSION = YES;
				CLANG_WARN_COMMA = YES;
				CLANG_WARN_CONSTANT_CONVERSION = YES;
				CLANG_WARN_DEPRECATED_OBJC_IMPLEMENTATIONS = YES;
				CLANG_WARN_DIRECT_OBJC_ISA_USAGE = YES_ERROR;
				CLANG_WARN_DOCUMENTATION_COMMENTS = YES;
				CLANG_WARN_EMPTY_BODY = YES;
				CLANG_WARN_ENUM_CONVERSION = YES;
				CLANG_WARN_INFINITE_RECURSION = YES;
				CLANG_WARN_INT_CONVERSION = YES;
				CLANG_WARN_NON_LITERAL_NULL_CONVERSION = YES;
				CLANG_WARN_OBJC_IMPLICIT_RETAIN_SELF = YES;
				CLANG_WARN_OBJC_LITERAL_CONVERSION = YES;
				CLANG_WARN_OBJC_ROOT_CLASS = YES_ERROR;
				CLANG_WARN_QUOTED_INCLUDE_IN_FRAMEWORK_HEADER = YES;
				CLANG_WARN_RANGE_LOOP_ANALYSIS = YES;
				CLANG_WARN_STRICT_PROTOTYPES = YES;
				CLANG_WARN_SUSPICIOUS_MOVE = YES;
				CLANG_WARN_UNGUARDED_AVAILABILITY = YES_AGGRESSIVE;
				CLANG_WARN_UNREACHABLE_CODE = YES;
				CLANG_WARN__DUPLICATE_METHOD_MATCH = YES;
				COPY_PHASE_STRIP = NO;
				CURRENT_PROJECT_VERSION = 1;
				DEBUG_INFORMATION_FORMAT = "dwarf-with-dsym";
				ENABLE_NS_ASSERTIONS = NO;
				ENABLE_STRICT_OBJC_MSGSEND = YES;
				GCC_C_LANGUAGE_STANDARD = gnu11;
				GCC_NO_COMMON_BLOCKS = YES;
				GCC_WARN_64_TO_32_BIT_CONVERSION = YES;
				GCC_WARN_ABOUT_RETURN_TYPE = YES_ERROR;
				GCC_WARN_UNDECLARED_SELECTOR = YES;
				GCC_WARN_UNINITIALIZED_AUTOS = YES_AGGRESSIVE;
				GCC_WARN_UNUSED_FUNCTION = YES;
				GCC_WARN_UNUSED_VARIABLE = YES;
				IPHONEOS_DEPLOYMENT_TARGET = 11.0;
				MTL_ENABLE_DEBUG_INFO = NO;
				MTL_FAST_MATH = YES;
				SDKROOT = iphoneos;
				SWIFT_COMPILATION_MODE = wholemodule;
				SWIFT_OPTIMIZATION_LEVEL = "-O";
				VALIDATE_PRODUCT = YES;
				VERSIONING_SYSTEM = "apple-generic";
				VERSION_INFO_PREFIX = "";
			};
			name = Release;
		};
		3BAF02BE2A1706B300E514E1 /* Debug */ = {
			isa = XCBuildConfiguration;
			baseConfigurationReference = F81B9C01A7BF254FA5623790 /* Pods-HakkaExpo2023-iOS.debug.xcconfig */;
			buildSettings = {
				CLANG_ENABLE_MODULES = YES;
				CODE_SIGN_STYLE = Automatic;
				CURRENT_PROJECT_VERSION = 1;
				DEFINES_MODULE = YES;
				DEVELOPMENT_TEAM = 5R5U2V4497;
				DYLIB_COMPATIBILITY_VERSION = 1;
				DYLIB_CURRENT_VERSION = 1;
				DYLIB_INSTALL_NAME_BASE = "@rpath";
				ENABLE_MODULE_VERIFIER = YES;
				GENERATE_INFOPLIST_FILE = YES;
				INFOPLIST_KEY_NSHumanReadableCopyright = "";
				INSTALL_PATH = "$(LOCAL_LIBRARY_DIR)/Frameworks";
				LD_RUNPATH_SEARCH_PATHS = (
					"$(inherited)",
					"@executable_path/Frameworks",
					"@loader_path/Frameworks",
				);
				MARKETING_VERSION = 1.0;
				MODULE_VERIFIER_SUPPORTED_LANGUAGES = "objective-c objective-c++";
				MODULE_VERIFIER_SUPPORTED_LANGUAGE_STANDARDS = "gnu11 gnu++20";
				PRODUCT_BUNDLE_IDENTIFIER = "omniguider.HakkaExpo2023-iOS.com";
				PRODUCT_NAME = "$(TARGET_NAME:c99extidentifier)";
				SKIP_INSTALL = YES;
				SWIFT_EMIT_LOC_STRINGS = YES;
				SWIFT_OPTIMIZATION_LEVEL = "-Onone";
				SWIFT_VERSION = 5.0;
				TARGETED_DEVICE_FAMILY = "1,2";
			};
			name = Debug;
		};
		3BAF02BF2A1706B300E514E1 /* Release */ = {
			isa = XCBuildConfiguration;
			baseConfigurationReference = C487840B7C68FB02049DA99C /* Pods-HakkaExpo2023-iOS.release.xcconfig */;
			buildSettings = {
				CLANG_ENABLE_MODULES = YES;
				CODE_SIGN_STYLE = Automatic;
				CURRENT_PROJECT_VERSION = 1;
				DEFINES_MODULE = YES;
				DEVELOPMENT_TEAM = 5R5U2V4497;
				DYLIB_COMPATIBILITY_VERSION = 1;
				DYLIB_CURRENT_VERSION = 1;
				DYLIB_INSTALL_NAME_BASE = "@rpath";
				ENABLE_MODULE_VERIFIER = YES;
				GENERATE_INFOPLIST_FILE = YES;
				INFOPLIST_KEY_NSHumanReadableCopyright = "";
				INSTALL_PATH = "$(LOCAL_LIBRARY_DIR)/Frameworks";
				LD_RUNPATH_SEARCH_PATHS = (
					"$(inherited)",
					"@executable_path/Frameworks",
					"@loader_path/Frameworks",
				);
				MARKETING_VERSION = 1.0;
				MODULE_VERIFIER_SUPPORTED_LANGUAGES = "objective-c objective-c++";
				MODULE_VERIFIER_SUPPORTED_LANGUAGE_STANDARDS = "gnu11 gnu++20";
				PRODUCT_BUNDLE_IDENTIFIER = "omniguider.HakkaExpo2023-iOS.com";
				PRODUCT_NAME = "$(TARGET_NAME:c99extidentifier)";
				SKIP_INSTALL = YES;
				SWIFT_EMIT_LOC_STRINGS = YES;
				SWIFT_VERSION = 5.0;
				TARGETED_DEVICE_FAMILY = "1,2";
			};
			name = Release;
		};
		3BAF02EF2A174A0C00E514E1 /* Debug */ = {
			isa = XCBuildConfiguration;
			baseConfigurationReference = E6018B7B80A7322FD7047128 /* Pods-Demo.debug.xcconfig */;
			buildSettings = {
				ASSETCATALOG_COMPILER_APPICON_NAME = AppIcon;
				ASSETCATALOG_COMPILER_GLOBAL_ACCENT_COLOR_NAME = AccentColor;
				CODE_SIGN_STYLE = Automatic;
				CURRENT_PROJECT_VERSION = 1;
				DEVELOPMENT_TEAM = 5R5U2V4497;
				GENERATE_INFOPLIST_FILE = YES;
				INFOPLIST_FILE = Demo/Info.plist;
				INFOPLIST_KEY_UIApplicationSupportsIndirectInputEvents = YES;
				INFOPLIST_KEY_UILaunchStoryboardName = LaunchScreen;
				INFOPLIST_KEY_UIMainStoryboardFile = Main;
				INFOPLIST_KEY_UISupportedInterfaceOrientations_iPad = "UIInterfaceOrientationPortrait UIInterfaceOrientationPortraitUpsideDown UIInterfaceOrientationLandscapeLeft UIInterfaceOrientationLandscapeRight";
				INFOPLIST_KEY_UISupportedInterfaceOrientations_iPhone = "UIInterfaceOrientationPortrait UIInterfaceOrientationLandscapeLeft UIInterfaceOrientationLandscapeRight";
				IPHONEOS_DEPLOYMENT_TARGET = 11.0;
				LD_RUNPATH_SEARCH_PATHS = (
					"$(inherited)",
					"@executable_path/Frameworks",
				);
				MARKETING_VERSION = 1.0;
				PRODUCT_BUNDLE_IDENTIFIER = hakkaDemo.com;
				PRODUCT_NAME = "$(TARGET_NAME)";
				SWIFT_EMIT_LOC_STRINGS = YES;
				SWIFT_VERSION = 5.0;
				TARGETED_DEVICE_FAMILY = "1,2";
			};
			name = Debug;
		};
		3BAF02F02A174A0C00E514E1 /* Release */ = {
			isa = XCBuildConfiguration;
			baseConfigurationReference = 92FAFC231239541F503F75B2 /* Pods-Demo.release.xcconfig */;
			buildSettings = {
				ASSETCATALOG_COMPILER_APPICON_NAME = AppIcon;
				ASSETCATALOG_COMPILER_GLOBAL_ACCENT_COLOR_NAME = AccentColor;
				CODE_SIGN_STYLE = Automatic;
				CURRENT_PROJECT_VERSION = 1;
				DEVELOPMENT_TEAM = 5R5U2V4497;
				GENERATE_INFOPLIST_FILE = YES;
				INFOPLIST_FILE = Demo/Info.plist;
				INFOPLIST_KEY_UIApplicationSupportsIndirectInputEvents = YES;
				INFOPLIST_KEY_UILaunchStoryboardName = LaunchScreen;
				INFOPLIST_KEY_UIMainStoryboardFile = Main;
				INFOPLIST_KEY_UISupportedInterfaceOrientations_iPad = "UIInterfaceOrientationPortrait UIInterfaceOrientationPortraitUpsideDown UIInterfaceOrientationLandscapeLeft UIInterfaceOrientationLandscapeRight";
				INFOPLIST_KEY_UISupportedInterfaceOrientations_iPhone = "UIInterfaceOrientationPortrait UIInterfaceOrientationLandscapeLeft UIInterfaceOrientationLandscapeRight";
				IPHONEOS_DEPLOYMENT_TARGET = 11.0;
				LD_RUNPATH_SEARCH_PATHS = (
					"$(inherited)",
					"@executable_path/Frameworks",
				);
				MARKETING_VERSION = 1.0;
				PRODUCT_BUNDLE_IDENTIFIER = hakkaDemo.com;
				PRODUCT_NAME = "$(TARGET_NAME)";
				SWIFT_EMIT_LOC_STRINGS = YES;
				SWIFT_VERSION = 5.0;
				TARGETED_DEVICE_FAMILY = "1,2";
			};
			name = Release;
		};
/* End XCBuildConfiguration section */

/* Begin XCConfigurationList section */
		3BAF02B02A1706B300E514E1 /* Build configuration list for PBXProject "HakkaExpo2023-iOS" */ = {
			isa = XCConfigurationList;
			buildConfigurations = (
				3BAF02BB2A1706B300E514E1 /* Debug */,
				3BAF02BC2A1706B300E514E1 /* Release */,
			);
			defaultConfigurationIsVisible = 0;
			defaultConfigurationName = Release;
		};
		3BAF02BD2A1706B300E514E1 /* Build configuration list for PBXNativeTarget "HakkaExpo2023-iOS" */ = {
			isa = XCConfigurationList;
			buildConfigurations = (
				3BAF02BE2A1706B300E514E1 /* Debug */,
				3BAF02BF2A1706B300E514E1 /* Release */,
			);
			defaultConfigurationIsVisible = 0;
			defaultConfigurationName = Release;
		};
		3BAF02EE2A174A0C00E514E1 /* Build configuration list for PBXNativeTarget "Demo" */ = {
			isa = XCConfigurationList;
			buildConfigurations = (
				3BAF02EF2A174A0C00E514E1 /* Debug */,
				3BAF02F02A174A0C00E514E1 /* Release */,
			);
			defaultConfigurationIsVisible = 0;
			defaultConfigurationName = Release;
		};
/* End XCConfigurationList section */

/* Begin XCRemoteSwiftPackageReference section */
		3BAF02C82A170DF100E514E1 /* XCRemoteSwiftPackageReference "Alamofire" */ = {
			isa = XCRemoteSwiftPackageReference;
			repositoryURL = "https://github.com/Alamofire/Alamofire.git";
			requirement = {
				kind = upToNextMajorVersion;
				minimumVersion = 5.0.0;
			};
		};
		3BAF03362A20437E00E514E1 /* XCRemoteSwiftPackageReference "GLTFSceneKit" */ = {
			isa = XCRemoteSwiftPackageReference;
			repositoryURL = "https://github.com/magicien/GLTFSceneKit";
			requirement = {
				kind = upToNextMajorVersion;
				minimumVersion = 0.4.1;
			};
		};
		3BAF03562A27232400E514E1 /* XCRemoteSwiftPackageReference "CryptoSwift" */ = {
			isa = XCRemoteSwiftPackageReference;
			repositoryURL = "https://github.com/krzyzanowskim/CryptoSwift.git";
			requirement = {
				kind = upToNextMajorVersion;
				minimumVersion = 1.0.0;
			};
		};
/* End XCRemoteSwiftPackageReference section */

/* Begin XCSwiftPackageProductDependency section */
		3BAF02C92A170DF100E514E1 /* Alamofire */ = {
			isa = XCSwiftPackageProductDependency;
			package = 3BAF02C82A170DF100E514E1 /* XCRemoteSwiftPackageReference "Alamofire" */;
			productName = Alamofire;
		};
		3BAF03372A20437E00E514E1 /* GLTFSceneKit */ = {
			isa = XCSwiftPackageProductDependency;
			package = 3BAF03362A20437E00E514E1 /* XCRemoteSwiftPackageReference "GLTFSceneKit" */;
			productName = GLTFSceneKit;
		};
		3BAF03572A27232400E514E1 /* CryptoSwift */ = {
			isa = XCSwiftPackageProductDependency;
			package = 3BAF03562A27232400E514E1 /* XCRemoteSwiftPackageReference "CryptoSwift" */;
			productName = CryptoSwift;
		};
/* End XCSwiftPackageProductDependency section */
	};
	rootObject = 3BAF02AD2A1706B300E514E1 /* Project object */;
}
